// !$*UTF8*$!
{
	archiveVersion = 1;
	classes = {
	};
	objectVersion = 46;
	objects = {

/* Begin PBXBuildFile section */
		A3AE548F1B4EF325001219C2 /* main.m in Sources */ = {isa = PBXBuildFile; fileRef = A3AE548E1B4EF325001219C2 /* main.m */; };
		A3AE54921B4EF325001219C2 /* AppDelegate.m in Sources */ = {isa = PBXBuildFile; fileRef = A3AE54911B4EF325001219C2 /* AppDelegate.m */; };
		A3AE54951B4EF325001219C2 /* ViewController.m in Sources */ = {isa = PBXBuildFile; fileRef = A3AE54941B4EF325001219C2 /* ViewController.m */; };
		A3AE54981B4EF325001219C2 /* Main.storyboard in Resources */ = {isa = PBXBuildFile; fileRef = A3AE54961B4EF325001219C2 /* Main.storyboard */; };
		A3AE549A1B4EF325001219C2 /* Images.xcassets in Resources */ = {isa = PBXBuildFile; fileRef = A3AE54991B4EF325001219C2 /* Images.xcassets */; };
		A3AE549D1B4EF325001219C2 /* LaunchScreen.xib in Resources */ = {isa = PBXBuildFile; fileRef = A3AE549B1B4EF325001219C2 /* LaunchScreen.xib */; };
		A3AE54A91B4EF325001219C2 /* HelloNameTests.m in Sources */ = {isa = PBXBuildFile; fileRef = A3AE54A81B4EF325001219C2 /* HelloNameTests.m */; };
/* End PBXBuildFile section */

/* Begin PBXContainerItemProxy section */
		A3AE54A31B4EF325001219C2 /* PBXContainerItemProxy */ = {
			isa = PBXContainerItemProxy;
			containerPortal = A3AE54811B4EF325001219C2 /* Project object */;
			proxyType = 1;
			remoteGlobalIDString = A3AE54881B4EF325001219C2;
			remoteInfo = HelloName;
		};
/* End PBXContainerItemProxy section */

/* Begin PBXFileReference section */
		A3AE54891B4EF325001219C2 /* HelloName.app */ = {isa = PBXFileReference; explicitFileType = wrapper.application; includeInIndex = 0; path = HelloName.app; sourceTree = BUILT_PRODUCTS_DIR; };
		A3AE548D1B4EF325001219C2 /* Info.plist */ = {isa = PBXFileReference; lastKnownFileType = text.plist.xml; path = Info.plist; sourceTree = "<group>"; };
		A3AE548E1B4EF325001219C2 /* main.m */ = {isa = PBXFileReference; lastKnownFileType = sourcecode.c.objc; path = main.m; sourceTree = "<group>"; };
		A3AE54901B4EF325001219C2 /* AppDelegate.h */ = {isa = PBXFileReference; lastKnownFileType = sourcecode.c.h; path = AppDelegate.h; sourceTree = "<group>"; };
		A3AE54911B4EF325001219C2 /* AppDelegate.m */ = {isa = PBXFileReference; lastKnownFileType = sourcecode.c.objc; path = AppDelegate.m; sourceTree = "<group>"; };
		A3AE54931B4EF325001219C2 /* ViewController.h */ = {isa = PBXFileReference; lastKnownFileType = sourcecode.c.h; path = ViewController.h; sourceTree = "<group>"; };
		A3AE54941B4EF325001219C2 /* ViewController.m */ = {isa = PBXFileReference; lastKnownFileType = sourcecode.c.objc; path = ViewController.m; sourceTree = "<group>"; };
		A3AE54971B4EF325001219C2 /* Base */ = {isa = PBXFileReference; lastKnownFileType = file.storyboard; name = Base; path = Base.lproj/Main.storyboard; sourceTree = "<group>"; };
		A3AE54991B4EF325001219C2 /* Images.xcassets */ = {isa = PBXFileReference; lastKnownFileType = folder.assetcatalog; path = Images.xcassets; sourceTree = "<group>"; };
		A3AE549C1B4EF325001219C2 /* Base */ = {isa = PBXFileReference; lastKnownFileType = file.xib; name = Base; path = Base.lproj/LaunchScreen.xib; sourceTree = "<group>"; };
		A3AE54A21B4EF325001219C2 /* HelloNameTests.xctest */ = {isa = PBXFileReference; explicitFileType = wrapper.cfbundle; includeInIndex = 0; path = HelloNameTests.xctest; sourceTree = BUILT_PRODUCTS_DIR; };
		A3AE54A71B4EF325001219C2 /* Info.plist */ = {isa = PBXFileReference; lastKnownFileType = text.plist.xml; path = Info.plist; sourceTree = "<group>"; };
		A3AE54A81B4EF325001219C2 /* HelloNameTests.m */ = {isa = PBXFileReference; lastKnownFileType = sourcecode.c.objc; path = HelloNameTests.m; sourceTree = "<group>"; };
/* End PBXFileReference section */

/* Begin PBXFrameworksBuildPhase section */
		A3AE54861B4EF325001219C2 /* Frameworks */ = {
			isa = PBXFrameworksBuildPhase;
			buildActionMask = 2147483647;
			files = (
			);
			runOnlyForDeploymentPostprocessing = 0;
		};
		A3AE549F1B4EF325001219C2 /* Frameworks */ = {
			isa = PBXFrameworksBuildPhase;
			buildActionMask = 2147483647;
			files = (
			);
			runOnlyForDeploymentPostprocessing = 0;
		};
/* End PBXFrameworksBuildPhase section */

/* Begin PBXGroup section */
		A3AE54801B4EF325001219C2 = {
			isa = PBXGroup;
			children = (
				A3AE548B1B4EF325001219C2 /* HelloName */,
				A3AE54A51B4EF325001219C2 /* HelloNameTests */,
				A3AE548A1B4EF325001219C2 /* Products */,
			);
			sourceTree = "<group>";
		};
		A3AE548A1B4EF325001219C2 /* Products */ = {
			isa = PBXGroup;
			children = (
				A3AE54891B4EF325001219C2 /* HelloName.app */,
				A3AE54A21B4EF325001219C2 /* HelloNameTests.xctest */,
			);
			name = Products;
			sourceTree = "<group>";
		};
		A3AE548B1B4EF325001219C2 /* HelloName */ = {
			isa = PBXGroup;
			children = (
				A3AE54901B4EF325001219C2 /* AppDelegate.h */,
				A3AE54911B4EF325001219C2 /* AppDelegate.m */,
				A3AE54931B4EF325001219C2 /* ViewController.h */,
				A3AE54941B4EF325001219C2 /* ViewController.m */,
				A3AE54961B4EF325001219C2 /* Main.storyboard */,
				A3AE54991B4EF325001219C2 /* Images.xcassets */,
				A3AE549B1B4EF325001219C2 /* LaunchScreen.xib */,
				A3AE548C1B4EF325001219C2 /* Supporting Files */,
			);
			path = HelloName;
			sourceTree = "<group>";
		};
		A3AE548C1B4EF325001219C2 /* Supporting Files */ = {
			isa = PBXGroup;
			children = (
				A3AE548D1B4EF325001219C2 /* Info.plist */,
				A3AE548E1B4EF325001219C2 /* main.m */,
			);
			name = "Supporting Files";
			sourceTree = "<group>";
		};
		A3AE54A51B4EF325001219C2 /* HelloNameTests */ = {
			isa = PBXGroup;
			children = (
				A3AE54A81B4EF325001219C2 /* HelloNameTests.m */,
				A3AE54A61B4EF325001219C2 /* Supporting Files */,
			);
			path = HelloNameTests;
			sourceTree = "<group>";
		};
		A3AE54A61B4EF325001219C2 /* Supporting Files */ = {
			isa = PBXGroup;
			children = (
				A3AE54A71B4EF325001219C2 /* Info.plist */,
			);
			name = "Supporting Files";
			sourceTree = "<group>";
		};
/* End PBXGroup section */

/* Begin PBXNativeTarget section */
		A3AE54881B4EF325001219C2 /* HelloName */ = {
			isa = PBXNativeTarget;
			buildConfigurationList = A3AE54AC1B4EF325001219C2 /* Build configuration list for PBXNativeTarget "HelloName" */;
			buildPhases = (
				A3AE54851B4EF325001219C2 /* Sources */,
				A3AE54861B4EF325001219C2 /* Frameworks */,
				A3AE54871B4EF325001219C2 /* Resources */,
			);
			buildRules = (
			);
			dependencies = (
			);
			name = HelloName;
			productName = HelloName;
			productReference = A3AE54891B4EF325001219C2 /* HelloName.app */;
			productType = "com.apple.product-type.application";
		};
		A3AE54A11B4EF325001219C2 /* HelloNameTests */ = {
			isa = PBXNativeTarget;
			buildConfigurationList = A3AE54AF1B4EF325001219C2 /* Build configuration list for PBXNativeTarget "HelloNameTests" */;
			buildPhases = (
				A3AE549E1B4EF325001219C2 /* Sources */,
				A3AE549F1B4EF325001219C2 /* Frameworks */,
				A3AE54A01B4EF325001219C2 /* Resources */,
			);
			buildRules = (
			);
			dependencies = (
				A3AE54A41B4EF325001219C2 /* PBXTargetDependency */,
			);
			name = HelloNameTests;
			productName = HelloNameTests;
			productReference = A3AE54A21B4EF325001219C2 /* HelloNameTests.xctest */;
			productType = "com.apple.product-type.bundle.unit-test";
		};
/* End PBXNativeTarget section */

/* Begin PBXProject section */
		A3AE54811B4EF325001219C2 /* Project object */ = {
			isa = PBXProject;
			attributes = {
				LastUpgradeCheck = 0640;
				ORGANIZATIONNAME = Geeksdobyte;
				TargetAttributes = {
					A3AE54881B4EF325001219C2 = {
						CreatedOnToolsVersion = 6.4;
					};
					A3AE54A11B4EF325001219C2 = {
						CreatedOnToolsVersion = 6.4;
						TestTargetID = A3AE54881B4EF325001219C2;
					};
				};
			};
			buildConfigurationList = A3AE54841B4EF325001219C2 /* Build configuration list for PBXProject "HelloName" */;
			compatibilityVersion = "Xcode 3.2";
			developmentRegion = English;
			hasScannedForEncodings = 0;
			knownRegions = (
				en,
				Base,
			);
			mainGroup = A3AE54801B4EF325001219C2;
			productRefGroup = A3AE548A1B4EF325001219C2 /* Products */;
			projectDirPath = "";
			projectRoot = "";
			targets = (
				A3AE54881B4EF325001219C2 /* HelloName */,
				A3AE54A11B4EF325001219C2 /* HelloNameTests */,
			);
		};
/* End PBXProject section */

/* Begin PBXResourcesBuildPhase section */
		A3AE54871B4EF325001219C2 /* Resources */ = {
			isa = PBXResourcesBuildPhase;
			buildActionMask = 2147483647;
			files = (
				A3AE54981B4EF325001219C2 /* Main.storyboard in Resources */,
				A3AE549D1B4EF325001219C2 /* LaunchScreen.xib in Resources */,
				A3AE549A1B4EF325001219C2 /* Images.xcassets in Resources */,
			);
			runOnlyForDeploymentPostprocessing = 0;
		};
		A3AE54A01B4EF325001219C2 /* Resources */ = {
			isa = PBXResourcesBuildPhase;
			buildActionMask = 2147483647;
			files = (
			);
			runOnlyForDeploymentPostprocessing = 0;
		};
/* End PBXResourcesBuildPhase section */

/* Begin PBXSourcesBuildPhase section */
		A3AE54851B4EF325001219C2 /* Sources */ = {
			isa = PBXSourcesBuildPhase;
			buildActionMask = 2147483647;
			files = (
				A3AE54951B4EF325001219C2 /* ViewController.m in Sources */,
				A3AE54921B4EF325001219C2 /* AppDelegate.m in Sources */,
				A3AE548F1B4EF325001219C2 /* main.m in Sources */,
			);
			runOnlyForDeploymentPostprocessing = 0;
		};
		A3AE549E1B4EF325001219C2 /* Sources */ = {
			isa = PBXSourcesBuildPhase;
			buildActionMask = 2147483647;
			files = (
				A3AE54A91B4EF325001219C2 /* HelloNameTests.m in Sources */,
			);
			runOnlyForDeploymentPostprocessing = 0;
		};
/* End PBXSourcesBuildPhase section */

/* Begin PBXTargetDependency section */
		A3AE54A41B4EF325001219C2 /* PBXTargetDependency */ = {
			isa = PBXTargetDependency;
			target = A3AE54881B4EF325001219C2 /* HelloName */;
			targetProxy = A3AE54A31B4EF325001219C2 /* PBXContainerItemProxy */;
		};
/* End PBXTargetDependency section */

/* Begin PBXVariantGroup section */
		A3AE54961B4EF325001219C2 /* Main.storyboard */ = {
			isa = PBXVariantGroup;
			children = (
				A3AE54971B4EF325001219C2 /* Base */,
			);
			name = Main.storyboard;
			sourceTree = "<group>";
		};
		A3AE549B1B4EF325001219C2 /* LaunchScreen.xib */ = {
			isa = PBXVariantGroup;
			children = (
				A3AE549C1B4EF325001219C2 /* Base */,
			);
			name = LaunchScreen.xib;
			sourceTree = "<group>";
		};
/* End PBXVariantGroup section */

/* Begin XCBuildConfiguration section */
		A3AE54AA1B4EF325001219C2 /* Debug */ = {
			isa = XCBuildConfiguration;
			buildSettings = {
				ALWAYS_SEARCH_USER_PATHS = NO;
				CLANG_CXX_LANGUAGE_STANDARD = "gnu++0x";
				CLANG_CXX_LIBRARY = "libc++";
				CLANG_ENABLE_MODULES = YES;
				CLANG_ENABLE_OBJC_ARC = YES;
				CLANG_WARN_BOOL_CONVERSION = YES;
				CLANG_WARN_CONSTANT_CONVERSION = YES;
				CLANG_WARN_DIRECT_OBJC_ISA_USAGE = YES_ERROR;
				CLANG_WARN_EMPTY_BODY = YES;
				CLANG_WARN_ENUM_CONVERSION = YES;
				CLANG_WARN_INT_CONVERSION = YES;
				CLANG_WARN_OBJC_ROOT_CLASS = YES_ERROR;
				CLANG_WARN_UNREACHABLE_CODE = YES;
				CLANG_WARN__DUPLICATE_METHOD_MATCH = YES;
				"CODE_SIGN_IDENTITY[sdk=iphoneos*]" = "iPhone Developer";
				COPY_PHASE_STRIP = NO;
				DEBUG_INFORMATION_FORMAT = "dwarf-with-dsym";
				ENABLE_STRICT_OBJC_MSGSEND = YES;
				GCC_C_LANGUAGE_STANDARD = gnu99;
				GCC_DYNAMIC_NO_PIC = NO;
				GCC_NO_COMMON_BLOCKS = YES;
				GCC_OPTIMIZATION_LEVEL = 0;
				GCC_PREPROCESSOR_DEFINITIONS = (
					"DEBUG=1",
					"$(inherited)",
				);
				GCC_SYMBOLS_PRIVATE_EXTERN = NO;
				GCC_WARN_64_TO_32_BIT_CONVERSION = YES;
				GCC_WARN_ABOUT_RETURN_TYPE = YES_ERROR;
				GCC_WARN_UNDECLARED_SELECTOR = YES;
				GCC_WARN_UNINITIALIZED_AUTOS = YES_AGGRESSIVE;
				GCC_WARN_UNUSED_FUNCTION = YES;
				GCC_WARN_UNUSED_VARIABLE = YES;
				IPHONEOS_DEPLOYMENT_TARGET = 8.4;
				MTL_ENABLE_DEBUG_INFO = YES;
				ONLY_ACTIVE_ARCH = YES;
				SDKROOT = iphoneos;
			};
			name = Debug;
		};
		A3AE54AB1B4EF325001219C2 /* Release */ = {
			isa = XCBuildConfiguration;
			buildSettings = {
				ALWAYS_SEARCH_USER_PATHS = NO;
				CLANG_CXX_LANGUAGE_STANDARD = "gnu++0x";
				CLANG_CXX_LIBRARY = "libc++";
				CLANG_ENABLE_MODULES = YES;
				CLANG_ENABLE_OBJC_ARC = YES;
				CLANG_WARN_BOOL_CONVERSION = YES;
				CLANG_WARN_CONSTANT_CONVERSION = YES;
				CLANG_WARN_DIRECT_OBJC_ISA_USAGE = YES_ERROR;
				CLANG_WARN_EMPTY_BODY = YES;
				CLANG_WARN_ENUM_CONVERSION = YES;
				CLANG_WARN_INT_CONVERSION = YES;
				CLANG_WARN_OBJC_ROOT_CLASS = YES_ERROR;
				CLANG_WARN_UNREACHABLE_CODE = YES;
				CLANG_WARN__DUPLICATE_METHOD_MATCH = YES;
				"CODE_SIGN_IDENTITY[sdk=iphoneos*]" = "iPhone Developer";
				COPY_PHASE_STRIP = NO;
				DEBUG_INFORMATION_FORMAT = "dwarf-with-dsym";
				ENABLE_NS_ASSERTIONS = NO;
				ENABLE_STRICT_OBJC_MSGSEND = YES;
				GCC_C_LANGUAGE_STANDARD = gnu99;
				GCC_NO_COMMON_BLOCKS = YES;
				GCC_WARN_64_TO_32_BIT_CONVERSION = YES;
				GCC_WARN_ABOUT_RETURN_TYPE = YES_ERROR;
				GCC_WARN_UNDECLARED_SELECTOR = YES;
				GCC_WARN_UNINITIALIZED_AUTOS = YES_AGGRESSIVE;
				GCC_WARN_UNUSED_FUNCTION = YES;
				GCC_WARN_UNUSED_VARIABLE = YES;
				IPHONEOS_DEPLOYMENT_TARGET = 8.4;
				MTL_ENABLE_DEBUG_INFO = NO;
				SDKROOT = iphoneos;
				VALIDATE_PRODUCT = YES;
			};
			name = Release;
		};
		A3AE54AD1B4EF325001219C2 /* Debug */ = {
			isa = XCBuildConfiguration;
			buildSettings = {
				ASSETCATALOG_COMPILER_APPICON_NAME = AppIcon;
				INFOPLIST_FILE = HelloName/Info.plist;
				LD_RUNPATH_SEARCH_PATHS = "$(inherited) @executable_path/Frameworks";
				PRODUCT_NAME = "$(TARGET_NAME)";
			};
			name = Debug;
		};
		A3AE54AE1B4EF325001219C2 /* Release */ = {
			isa = XCBuildConfiguration;
			buildSettings = {
				ASSETCATALOG_COMPILER_APPICON_NAME = AppIcon;
				INFOPLIST_FILE = HelloName/Info.plist;
				LD_RUNPATH_SEARCH_PATHS = "$(inherited) @executable_path/Frameworks";
				PRODUCT_NAME = "$(TARGET_NAME)";
			};
			name = Release;
		};
		A3AE54B01B4EF325001219C2 /* Debug */ = {
			isa = XCBuildConfiguration;
			buildSettings = {
				BUNDLE_LOADER = "$(TEST_HOST)";
				FRAMEWORK_SEARCH_PATHS = (
					"$(SDKROOT)/Developer/Library/Frameworks",
					"$(inherited)",
				);
				GCC_PREPROCESSOR_DEFINITIONS = (
					"DEBUG=1",
					"$(inherited)",
				);
				INFOPLIST_FILE = HelloNameTests/Info.plist;
				LD_RUNPATH_SEARCH_PATHS = "$(inherited) @executable_path/Frameworks @loader_path/Frameworks";
				PRODUCT_NAME = "$(TARGET_NAME)";
				TEST_HOST = "$(BUILT_PRODUCTS_DIR)/HelloName.app/HelloName";
			};
			name = Debug;
		};
		A3AE54B11B4EF325001219C2 /* Release */ = {
			isa = XCBuildConfiguration;
			buildSettings = {
				BUNDLE_LOADER = "$(TEST_HOST)";
				FRAMEWORK_SEARCH_PATHS = (
					"$(SDKROOT)/Developer/Library/Frameworks",
					"$(inherited)",
				);
				INFOPLIST_FILE = HelloNameTests/Info.plist;
				LD_RUNPATH_SEARCH_PATHS = "$(inherited) @executable_path/Frameworks @loader_path/Frameworks";
				PRODUCT_NAME = "$(TARGET_NAME)";
				TEST_HOST = "$(BUILT_PRODUCTS_DIR)/HelloName.app/HelloName";
			};
			name = Release;
		};
/* End XCBuildConfiguration section */

/* Begin XCConfigurationList section */
		A3AE54841B4EF325001219C2 /* Build configuration list for PBXProject "HelloName" */ = {
			isa = XCConfigurationList;
			buildConfigurations = (
				A3AE54AA1B4EF325001219C2 /* Debug */,
				A3AE54AB1B4EF325001219C2 /* Release */,
			);
			defaultConfigurationIsVisible = 0;
			defaultConfigurationName = Release;
		};
		A3AE54AC1B4EF325001219C2 /* Build configuration list for PBXNativeTarget "HelloName" */ = {
			isa = XCConfigurationList;
			buildConfigurations = (
				A3AE54AD1B4EF325001219C2 /* Debug */,
				A3AE54AE1B4EF325001219C2 /* Release */,
			);
			defaultConfigurationIsVisible = 0;
		};
		A3AE54AF1B4EF325001219C2 /* Build configuration list for PBXNativeTarget "HelloNameTests" */ = {
			isa = XCConfigurationList;
			buildConfigurations = (
				A3AE54B01B4EF325001219C2 /* Debug */,
				A3AE54B11B4EF325001219C2 /* Release */,
			);
			defaultConfigurationIsVisible = 0;
		};
/* End XCConfigurationList section */
	};
	rootObject = A3AE54811B4EF325001219C2 /* Project object */;
}
